{
  "name": "@dream-encode/wp-build-tools",
  "version": "0.2.0",
  "lockfileVersion": 3,
  "requires": true,
  "packages": {
    "": {
      "name": "@dream-encode/wp-build-tools",
      "version": "0.2.0",
      "hasInstallScript": true,
      "license": "GPL-2.0-or-later",
      "bin": {
        "test": "bin/wp-release-test.js",
        "wp-release": "bin/wp-release.js"
      }
    }
  }
}
